
Microsoft Visual Studio Solution File, Format Version 12.00
# Visual Studio Version 17
VisualStudioVersion = 17.3.32901.215
MinimumVisualStudioVersion = 10.0.40219.1
Project("{FAE04EC0-301F-11D3-BF4B-00C04F79EFBC}") = "LaboratoryWorkOnDataBases", "LaboratoryWorkOnDataBases\LaboratoryWorkOnDataBases.csproj", "{E571ADF5-1ED5-4D08-886B-B3DC50F8F451}"
EndProject
Global
	GlobalSection(SolutionConfigurationPlatforms) = preSolution
		Debug|Any CPU = Debug|Any CPU
		Release|Any CPU = Release|Any CPU
	EndGlobalSection
	GlobalSection(ProjectConfigurationPlatforms) = postSolution
		{E571ADF5-1ED5-4D08-886B-B3DC50F8F451}.Debug|Any CPU.ActiveCfg = Debug|Any CPU
		{E571ADF5-1ED5-4D08-886B-B3DC50F8F451}.Debug|Any CPU.Build.0 = Debug|Any CPU
		{E571ADF5-1ED5-4D08-886B-B3DC50F8F451}.Release|Any CPU.ActiveCfg = Release|Any CPU
		{E571ADF5-1ED5-4D08-886B-B3DC50F8F451}.Release|Any CPU.Build.0 = Release|Any CPU
	EndGlobalSection
	GlobalSection(SolutionProperties) = preSolution
		HideSolutionNode = FALSE
	EndGlobalSection
	GlobalSection(ExtensibilityGlobals) = postSolution
		SolutionGuid = {33B1CB57-3EC0-4A9B-BAC1-6D1C6F502B43}
	EndGlobalSection
EndGlobal
